
Microsoft Visual Studio Solution File, Format Version 12.00
Project("{FAE04EC0-301F-11D3-BF4B-00C04F79EFBC}") = "CalculateBetsRecursively", "CalculateBetsRecursively\CalculateBetsRecursively.csproj", "{B7259F93-B3C3-4FE0-BF5F-BC0F9C34FFBE}"
EndProject
Project("{FAE04EC0-301F-11D3-BF4B-00C04F79EFBC}") = "CalculateBetsRecursively.UnitTests", "CalculateBetsRecursively.UnitTests\CalculateBetsRecursively.UnitTests.csproj", "{CC65EEEB-52F0-4483-B376-7D40576995D7}"
EndProject
Global
	GlobalSection(SolutionConfigurationPlatforms) = preSolution
		Debug|Any CPU = Debug|Any CPU
		Release|Any CPU = Release|Any CPU
	EndGlobalSection
	GlobalSection(ProjectConfigurationPlatforms) = postSolution
		{B7259F93-B3C3-4FE0-BF5F-BC0F9C34FFBE}.Debug|Any CPU.ActiveCfg = Debug|Any CPU
		{B7259F93-B3C3-4FE0-BF5F-BC0F9C34FFBE}.Debug|Any CPU.Build.0 = Debug|Any CPU
		{B7259F93-B3C3-4FE0-BF5F-BC0F9C34FFBE}.Release|Any CPU.ActiveCfg = Release|Any CPU
		{B7259F93-B3C3-4FE0-BF5F-BC0F9C34FFBE}.Release|Any CPU.Build.0 = Release|Any CPU
		{CC65EEEB-52F0-4483-B376-7D40576995D7}.Debug|Any CPU.ActiveCfg = Debug|Any CPU
		{CC65EEEB-52F0-4483-B376-7D40576995D7}.Debug|Any CPU.Build.0 = Debug|Any CPU
		{CC65EEEB-52F0-4483-B376-7D40576995D7}.Release|Any CPU.ActiveCfg = Release|Any CPU
		{CC65EEEB-52F0-4483-B376-7D40576995D7}.Release|Any CPU.Build.0 = Release|Any CPU
	EndGlobalSection
EndGlobal
