
Microsoft Visual Studio Solution File, Format Version 12.00
Project("{FAE04EC0-301F-11D3-BF4B-00C04F79EFBC}") = "EvenOrOdd", "EvenOrOdd\EvenOrOdd.csproj", "{9040F4D2-14BA-49D6-B780-3E39BAB4A779}"
EndProject
Project("{FAE04EC0-301F-11D3-BF4B-00C04F79EFBC}") = "EvenOrOdd.UnitTests", "EvenOrOdd.UnitTests\EvenOrOdd.UnitTests.csproj", "{C78FEFF5-89D2-4D4A-9164-4A97B7BDB1F4}"
EndProject
Global
	GlobalSection(SolutionConfigurationPlatforms) = preSolution
		Debug|Any CPU = Debug|Any CPU
		Release|Any CPU = Release|Any CPU
	EndGlobalSection
	GlobalSection(ProjectConfigurationPlatforms) = postSolution
		{9040F4D2-14BA-49D6-B780-3E39BAB4A779}.Debug|Any CPU.ActiveCfg = Debug|Any CPU
		{9040F4D2-14BA-49D6-B780-3E39BAB4A779}.Debug|Any CPU.Build.0 = Debug|Any CPU
		{9040F4D2-14BA-49D6-B780-3E39BAB4A779}.Release|Any CPU.ActiveCfg = Release|Any CPU
		{9040F4D2-14BA-49D6-B780-3E39BAB4A779}.Release|Any CPU.Build.0 = Release|Any CPU
		{C78FEFF5-89D2-4D4A-9164-4A97B7BDB1F4}.Debug|Any CPU.ActiveCfg = Debug|Any CPU
		{C78FEFF5-89D2-4D4A-9164-4A97B7BDB1F4}.Debug|Any CPU.Build.0 = Debug|Any CPU
		{C78FEFF5-89D2-4D4A-9164-4A97B7BDB1F4}.Release|Any CPU.ActiveCfg = Release|Any CPU
		{C78FEFF5-89D2-4D4A-9164-4A97B7BDB1F4}.Release|Any CPU.Build.0 = Release|Any CPU
	EndGlobalSection
EndGlobal
