
Microsoft Visual Studio Solution File, Format Version 12.00
Project("{FAE04EC0-301F-11D3-BF4B-00C04F79EFBC}") = "SumKata", "SumKata\SumKata.csproj", "{5528444D-74A5-49CA-8906-24F5D7988F00}"
EndProject
Project("{FAE04EC0-301F-11D3-BF4B-00C04F79EFBC}") = "SumKata.UnitTests", "SumKata.UnitTests\SumKata.UnitTests.csproj", "{9DDDF90E-E018-4D6F-A695-9CE091FB14ED}"
EndProject
Global
	GlobalSection(SolutionConfigurationPlatforms) = preSolution
		Debug|Any CPU = Debug|Any CPU
		Release|Any CPU = Release|Any CPU
	EndGlobalSection
	GlobalSection(ProjectConfigurationPlatforms) = postSolution
		{5528444D-74A5-49CA-8906-24F5D7988F00}.Debug|Any CPU.ActiveCfg = Debug|Any CPU
		{5528444D-74A5-49CA-8906-24F5D7988F00}.Debug|Any CPU.Build.0 = Debug|Any CPU
		{5528444D-74A5-49CA-8906-24F5D7988F00}.Release|Any CPU.ActiveCfg = Release|Any CPU
		{5528444D-74A5-49CA-8906-24F5D7988F00}.Release|Any CPU.Build.0 = Release|Any CPU
		{9DDDF90E-E018-4D6F-A695-9CE091FB14ED}.Debug|Any CPU.ActiveCfg = Debug|Any CPU
		{9DDDF90E-E018-4D6F-A695-9CE091FB14ED}.Debug|Any CPU.Build.0 = Debug|Any CPU
		{9DDDF90E-E018-4D6F-A695-9CE091FB14ED}.Release|Any CPU.ActiveCfg = Release|Any CPU
		{9DDDF90E-E018-4D6F-A695-9CE091FB14ED}.Release|Any CPU.Build.0 = Release|Any CPU
	EndGlobalSection
EndGlobal
